{
  "name": "@innexgo/frontend-todo-app-api",
  "version": "0.0.14",
  "lockfileVersion": 2,
  "requires": true,
  "packages": {
    "": {
      "name": "@innexgo/frontend-todo-app-api",
      "version": "0.0.14",
      "license": "MIT",
      "peerDependencies": {
        "@innexgo/frontend-common": "^0.0.17",
        "typescript": "^4.9.4"
      }
    },
    "node_modules/@innexgo/frontend-common": {
      "version": "0.0.17",
      "resolved": "https://registry.npmjs.org/@innexgo/frontend-common/-/frontend-common-0.0.17.tgz",
      "integrity": "sha512-8GkPXkl0xUfQiXv/EELt3zPsrVJe96e1l2FAE+iFUm+bRp4ABT3j5/s369rzZnrQS6M8HrBJQ04alhI5J9Z2BQ==",
      "peer": true
    },
    "node_modules/typescript": {
      "version": "4.9.4",
      "resolved": "https://registry.npmjs.org/typescript/-/typescript-4.9.4.tgz",
      "integrity": "sha512-Uz+dTXYzxXXbsFpM86Wh3dKCxrQqUcVMxwU54orwlJjOpO3ao8L7j5lH+dWfTwgCwIuM9GQ2kvVotzYJMXTBZg==",
      "peer": true,
      "bin": {
        "tsc": "bin/tsc",
        "tsserver": "bin/tsserver"
      },
      "engines": {
        "node": ">=4.2.0"
      }
    }
  },
  "dependencies": {
    "@innexgo/frontend-common": {
      "version": "0.0.17",
      "resolved": "https://registry.npmjs.org/@innexgo/frontend-common/-/frontend-common-0.0.17.tgz",
      "integrity": "sha512-8GkPXkl0xUfQiXv/EELt3zPsrVJe96e1l2FAE+iFUm+bRp4ABT3j5/s369rzZnrQS6M8HrBJQ04alhI5J9Z2BQ==",
      "peer": true
    },
    "typescript": {
      "version": "4.9.4",
      "resolved": "https://registry.npmjs.org/typescript/-/typescript-4.9.4.tgz",
      "integrity": "sha512-Uz+dTXYzxXXbsFpM86Wh3dKCxrQqUcVMxwU54orwlJjOpO3ao8L7j5lH+dWfTwgCwIuM9GQ2kvVotzYJMXTBZg==",
      "peer": true
    }
  }
}
