{
  "name": "@innexgo/frontend-todo-app-api",
  "version": "0.0.8",
  "lockfileVersion": 2,
  "requires": true,
  "packages": {
    "": {
      "name": "@innexgo/frontend-todo-app-api",
      "version": "0.0.8",
      "license": "MIT",
      "devDependencies": {
        "@innexgo/frontend-common": "^0.0.12",
        "typescript": "^4.5.5"
      },
      "peerDependencies": {
        "@innexgo/frontend-common": "^0.0.14",
        "typescript": "^4.6.4"
      }
    },
    "node_modules/@innexgo/frontend-common": {
      "version": "0.0.12",
      "resolved": "https://registry.npmjs.org/@innexgo/frontend-common/-/frontend-common-0.0.12.tgz",
      "integrity": "sha512-GA8M1Eh43PfK6RNQb5Ke2jD4KRcF31iIG+JLHRDJjaQdIy7iP5f6MLgQXv2kwTZoBQCEJyRmuggsPW4SU0jGaQ==",
      "dev": true,
      "license": "MIT"
    },
    "node_modules/typescript": {
      "version": "4.5.5",
      "resolved": "https://registry.npmjs.org/typescript/-/typescript-4.5.5.tgz",
      "integrity": "sha512-TCTIul70LyWe6IJWT8QSYeA54WQe8EjQFU4wY52Fasj5UKx88LNYKCgBEHcOMOrFF1rKGbD8v/xcNWVUq9SymA==",
      "dev": true,
      "license": "Apache-2.0",
      "bin": {
        "tsc": "bin/tsc",
        "tsserver": "bin/tsserver"
      },
      "engines": {
        "node": ">=4.2.0"
      }
    }
  },
  "dependencies": {
    "@innexgo/frontend-common": {
      "version": "0.0.12",
      "resolved": "https://registry.npmjs.org/@innexgo/frontend-common/-/frontend-common-0.0.12.tgz",
      "integrity": "sha512-GA8M1Eh43PfK6RNQb5Ke2jD4KRcF31iIG+JLHRDJjaQdIy7iP5f6MLgQXv2kwTZoBQCEJyRmuggsPW4SU0jGaQ==",
      "dev": true
    },
    "typescript": {
      "version": "4.5.5",
      "resolved": "https://registry.npmjs.org/typescript/-/typescript-4.5.5.tgz",
      "integrity": "sha512-TCTIul70LyWe6IJWT8QSYeA54WQe8EjQFU4wY52Fasj5UKx88LNYKCgBEHcOMOrFF1rKGbD8v/xcNWVUq9SymA==",
      "dev": true
    }
  }
}
