{
  "name": "@innexgo/frontend-todo-app-api",
  "version": "0.0.11",
  "lockfileVersion": 2,
  "requires": true,
  "packages": {
    "": {
      "name": "@innexgo/frontend-todo-app-api",
      "version": "0.0.11",
      "license": "MIT",
      "peerDependencies": {
        "@innexgo/frontend-common": "^0.0.16",
        "typescript": "^4.9.4"
      }
    },
    "node_modules/@innexgo/frontend-common": {
      "version": "0.0.16",
      "resolved": "https://registry.npmjs.org/@innexgo/frontend-common/-/frontend-common-0.0.16.tgz",
      "integrity": "sha512-xc9pZiJAQFzXGITsjD+g6EN1m01vsmsMH51h5fc1hxq42NcDXyoLm05GONMCbP17/kA6vEc6xIastSRI66A2Tg==",
      "peer": true
    },
    "node_modules/typescript": {
      "version": "4.9.4",
      "resolved": "https://registry.npmjs.org/typescript/-/typescript-4.9.4.tgz",
      "integrity": "sha512-Uz+dTXYzxXXbsFpM86Wh3dKCxrQqUcVMxwU54orwlJjOpO3ao8L7j5lH+dWfTwgCwIuM9GQ2kvVotzYJMXTBZg==",
      "peer": true,
      "bin": {
        "tsc": "bin/tsc",
        "tsserver": "bin/tsserver"
      },
      "engines": {
        "node": ">=4.2.0"
      }
    }
  },
  "dependencies": {
    "@innexgo/frontend-common": {
      "version": "0.0.16",
      "resolved": "https://registry.npmjs.org/@innexgo/frontend-common/-/frontend-common-0.0.16.tgz",
      "integrity": "sha512-xc9pZiJAQFzXGITsjD+g6EN1m01vsmsMH51h5fc1hxq42NcDXyoLm05GONMCbP17/kA6vEc6xIastSRI66A2Tg==",
      "peer": true
    },
    "typescript": {
      "version": "4.9.4",
      "resolved": "https://registry.npmjs.org/typescript/-/typescript-4.9.4.tgz",
      "integrity": "sha512-Uz+dTXYzxXXbsFpM86Wh3dKCxrQqUcVMxwU54orwlJjOpO3ao8L7j5lH+dWfTwgCwIuM9GQ2kvVotzYJMXTBZg==",
      "peer": true
    }
  }
}
