# THIS IS AN AUTOGENERATED FILE. DO NOT EDIT THIS FILE DIRECTLY.
# yarn lockfile v1


"@innexgo/frontend-common@^0.0.9":
  version "0.0.9"
  resolved "https://registry.yarnpkg.com/@innexgo/frontend-common/-/frontend-common-0.0.9.tgz#5ee992474433bffd146acb2872ce1359dfac528f"
  integrity sha512-9vX5e/yPOAMAKzu2T3TDaeXF9ycajUFs6WrFWXHW9fZO34PGyvRJ1WXnRiN8nCh8mPg8DkJBQ4Cnb1cWpG7cqg==

typescript@^4.2.4:
  version "4.3.5"
  resolved "https://registry.yarnpkg.com/typescript/-/typescript-4.3.5.tgz#4d1c37cc16e893973c45a06886b7113234f119f4"
  integrity sha512-DqQgihaQ9cUrskJo9kIyW/+g0Vxsk8cDtZ52a3NGh0YNTfpUSArXSohyUGnvbPazEPLu398C0UxmKSOrPumUzA==
